// !$*UTF8*$!
{
	archiveVersion = 1;
	classes = {
	};
	objectVersion = 46;
	objects = {

/* Begin PBXBuildFile section */
		D500651F1EED4AFB00FDEB35 /* IconLabel.swift in Sources */ = {isa = PBXBuildFile; fileRef = D500651E1EED4AFB00FDEB35 /* IconLabel.swift */; };
		D50065221EEFEE3500FDEB35 /* IconsCollectionModel.swift in Sources */ = {isa = PBXBuildFile; fileRef = D50065211EEFEE3500FDEB35 /* IconsCollectionModel.swift */; };
		D50065271EEFF92200FDEB35 /* ImageBannerCollectionItem.swift in Sources */ = {isa = PBXBuildFile; fileRef = D50065251EEFF92200FDEB35 /* ImageBannerCollectionItem.swift */; };
		D50065281EEFF92200FDEB35 /* ImageBannerCollectionItem.xib in Resources */ = {isa = PBXBuildFile; fileRef = D50065261EEFF92200FDEB35 /* ImageBannerCollectionItem.xib */; };
		D500652B1EEFFF2800FDEB35 /* ImagesBannerScrollView.swift in Sources */ = {isa = PBXBuildFile; fileRef = D500652A1EEFFF2800FDEB35 /* ImagesBannerScrollView.swift */; };
		D500652D1EF12E9A00FDEB35 /* TypeTitleForNewBannerView.swift in Sources */ = {isa = PBXBuildFile; fileRef = D500652C1EF12E9A00FDEB35 /* TypeTitleForNewBannerView.swift */; };
		D50065361EF5B49200FDEB35 /* ChangeButton.swift in Sources */ = {isa = PBXBuildFile; fileRef = D50065351EF5B49200FDEB35 /* ChangeButton.swift */; };
		D50065381EF5C0A200FDEB35 /* SaveButton.swift in Sources */ = {isa = PBXBuildFile; fileRef = D50065371EF5C0A200FDEB35 /* SaveButton.swift */; };
		D500653A1EF5D01B00FDEB35 /* BannersIconsBezierPaths.swift in Sources */ = {isa = PBXBuildFile; fileRef = D50065391EF5D01B00FDEB35 /* BannersIconsBezierPaths.swift */; };
		D500653E1EF5D46000FDEB35 /* BackgroundImageView.swift in Sources */ = {isa = PBXBuildFile; fileRef = D500653D1EF5D46000FDEB35 /* BackgroundImageView.swift */; };
		D50065421EF684C400FDEB35 /* ColorModel.swift in Sources */ = {isa = PBXBuildFile; fileRef = D50065411EF684C400FDEB35 /* ColorModel.swift */; };
		D50065441EF6852F00FDEB35 /* AppContents.swift in Sources */ = {isa = PBXBuildFile; fileRef = D50065431EF6852F00FDEB35 /* AppContents.swift */; };
		D50065461EF6D71800FDEB35 /* SelectBackgroundColorController.swift in Sources */ = {isa = PBXBuildFile; fileRef = D50065451EF6D71800FDEB35 /* SelectBackgroundColorController.swift */; };
		D50065481EF6DA5600FDEB35 /* BannerModel.swift in Sources */ = {isa = PBXBuildFile; fileRef = D50065471EF6DA5600FDEB35 /* BannerModel.swift */; };
		D500654F1EF6EEEA00FDEB35 /* BgColorBannerCollectionItem.swift in Sources */ = {isa = PBXBuildFile; fileRef = D500654D1EF6EEEA00FDEB35 /* BgColorBannerCollectionItem.swift */; };
		D50065501EF6EEEA00FDEB35 /* BgColorBannerCollectionItem.xib in Resources */ = {isa = PBXBuildFile; fileRef = D500654E1EF6EEEA00FDEB35 /* BgColorBannerCollectionItem.xib */; };
		D50065531EF8560D00FDEB35 /* BGColorView.swift in Sources */ = {isa = PBXBuildFile; fileRef = D50065521EF8560D00FDEB35 /* BGColorView.swift */; };
		D50065551EF8751000FDEB35 /* ContentColorView.swift in Sources */ = {isa = PBXBuildFile; fileRef = D50065541EF8751000FDEB35 /* ContentColorView.swift */; };
		D50F39EF1EFD18F0002521D9 /* BannersDefaults.swift in Sources */ = {isa = PBXBuildFile; fileRef = D50F39EE1EFD18F0002521D9 /* BannersDefaults.swift */; };
		D50F39F31EFD1F2A002521D9 /* PreviewBannerCollectionItem.swift in Sources */ = {isa = PBXBuildFile; fileRef = D50F39F11EFD1F2A002521D9 /* PreviewBannerCollectionItem.swift */; };
		D50F39F41EFD1F2A002521D9 /* PreviewBannerCollectionItem.xib in Resources */ = {isa = PBXBuildFile; fileRef = D50F39F21EFD1F2A002521D9 /* PreviewBannerCollectionItem.xib */; };
		D56E46101EDAC4AB0062349F /* TitleView.swift in Sources */ = {isa = PBXBuildFile; fileRef = D56E460F1EDAC4AB0062349F /* TitleView.swift */; };
		D56E46121EDB19210062349F /* AddBannerButton.swift in Sources */ = {isa = PBXBuildFile; fileRef = D56E46111EDB19210062349F /* AddBannerButton.swift */; };
		D56E46141EDC4E4C0062349F /* CreateNewBannerViewController.swift in Sources */ = {isa = PBXBuildFile; fileRef = D56E46131EDC4E4C0062349F /* CreateNewBannerViewController.swift */; };
		D58A110A1EC879EA00B708F9 /* AppDelegate.swift in Sources */ = {isa = PBXBuildFile; fileRef = D58A11091EC879EA00B708F9 /* AppDelegate.swift */; };
		D58A110C1EC879EA00B708F9 /* ViewController.swift in Sources */ = {isa = PBXBuildFile; fileRef = D58A110B1EC879EA00B708F9 /* ViewController.swift */; };
		D58A110E1EC879EB00B708F9 /* Assets.xcassets in Resources */ = {isa = PBXBuildFile; fileRef = D58A110D1EC879EB00B708F9 /* Assets.xcassets */; };
		D58A11111EC879EB00B708F9 /* Main.storyboard in Resources */ = {isa = PBXBuildFile; fileRef = D58A110F1EC879EB00B708F9 /* Main.storyboard */; };
		D58A111C1EC879EB00B708F9 /* SocialBannersAppTests.swift in Sources */ = {isa = PBXBuildFile; fileRef = D58A111B1EC879EB00B708F9 /* SocialBannersAppTests.swift */; };
		D58A11271EC879EB00B708F9 /* SocialBannersAppUITests.swift in Sources */ = {isa = PBXBuildFile; fileRef = D58A11261EC879EB00B708F9 /* SocialBannersAppUITests.swift */; };
		D5BA653E1EE15E7400AD40A6 /* CrtBnnrBgScrollView.swift in Sources */ = {isa = PBXBuildFile; fileRef = D5BA653D1EE15E7400AD40A6 /* CrtBnnrBgScrollView.swift */; };
		D5BA65451EE1852200AD40A6 /* BackToBannersButton.swift in Sources */ = {isa = PBXBuildFile; fileRef = D5BA65441EE1852200AD40A6 /* BackToBannersButton.swift */; };
		D5BA65471EE1887200AD40A6 /* BaseElementsBezierPaths.swift in Sources */ = {isa = PBXBuildFile; fileRef = D5BA65461EE1887200AD40A6 /* BaseElementsBezierPaths.swift */; };
		D5BA65491EE18A2D00AD40A6 /* CrtBnnrMainView.swift in Sources */ = {isa = PBXBuildFile; fileRef = D5BA65481EE18A2D00AD40A6 /* CrtBnnrMainView.swift */; };
		D5BA654B1EE196B500AD40A6 /* WhiteSquadPartView.swift in Sources */ = {isa = PBXBuildFile; fileRef = D5BA654A1EE196B500AD40A6 /* WhiteSquadPartView.swift */; };
		D5BA654D1EE1A2BA00AD40A6 /* WhiteRoundedView.swift in Sources */ = {isa = PBXBuildFile; fileRef = D5BA654C1EE1A2BA00AD40A6 /* WhiteRoundedView.swift */; };
		D5BA654F1EE1A30E00AD40A6 /* RoundedPartView.swift in Sources */ = {isa = PBXBuildFile; fileRef = D5BA654E1EE1A30E00AD40A6 /* RoundedPartView.swift */; };
		D5BA65541EE1A62A00AD40A6 /* GradientView.swift in Sources */ = {isa = PBXBuildFile; fileRef = D5BA65531EE1A62A00AD40A6 /* GradientView.swift */; };
		D5BA65561EE2CB1200AD40A6 /* SubstrateHeaderView.swift in Sources */ = {isa = PBXBuildFile; fileRef = D5BA65551EE2CB1200AD40A6 /* SubstrateHeaderView.swift */; };
		D5BA65581EE3196600AD40A6 /* NewBannerView.swift in Sources */ = {isa = PBXBuildFile; fileRef = D5BA65571EE3196600AD40A6 /* NewBannerView.swift */; };
		D5DB16DF1EF915A900B4E390 /* SelectContentColorController.swift in Sources */ = {isa = PBXBuildFile; fileRef = D5DB16DE1EF915A900B4E390 /* SelectContentColorController.swift */; };
		D5DB16E21EF917EE00B4E390 /* ContentColorBannerCollectionItem.swift in Sources */ = {isa = PBXBuildFile; fileRef = D5DB16E01EF917EE00B4E390 /* ContentColorBannerCollectionItem.swift */; };
		D5DB16E31EF917EE00B4E390 /* ContentColorBannerCollectionItem.xib in Resources */ = {isa = PBXBuildFile; fileRef = D5DB16E11EF917EE00B4E390 /* ContentColorBannerCollectionItem.xib */; };
		D5DB16E61EF97BAE00B4E390 /* SelectFontNameController.swift in Sources */ = {isa = PBXBuildFile; fileRef = D5DB16E51EF97BAE00B4E390 /* SelectFontNameController.swift */; };
		D5DB16E81EF97CA400B4E390 /* FontModel.swift in Sources */ = {isa = PBXBuildFile; fileRef = D5DB16E71EF97CA400B4E390 /* FontModel.swift */; };
		D5DB16EB1EF983AE00B4E390 /* FontNameCollectionItem.swift in Sources */ = {isa = PBXBuildFile; fileRef = D5DB16E91EF983AE00B4E390 /* FontNameCollectionItem.swift */; };
		D5DB16EC1EF983AE00B4E390 /* FontNameCollectionItem.xib in Resources */ = {isa = PBXBuildFile; fileRef = D5DB16EA1EF983AE00B4E390 /* FontNameCollectionItem.xib */; };
		D5DB172B1EFAE0FF00B4E390 /* Extensions.swift in Sources */ = {isa = PBXBuildFile; fileRef = D5DB172A1EFAE0FF00B4E390 /* Extensions.swift */; };
		D5DB172D1EFAE32000B4E390 /* TitleTextField.swift in Sources */ = {isa = PBXBuildFile; fileRef = D5DB172C1EFAE32000B4E390 /* TitleTextField.swift */; };
		D5DB172F1EFAE33100B4E390 /* SubtitleTextField.swift in Sources */ = {isa = PBXBuildFile; fileRef = D5DB172E1EFAE33100B4E390 /* SubtitleTextField.swift */; };
/* End PBXBuildFile section */

/* Begin PBXContainerItemProxy section */
		D58A11181EC879EB00B708F9 /* PBXContainerItemProxy */ = {
			isa = PBXContainerItemProxy;
			containerPortal = D58A10FE1EC879EA00B708F9 /* Project object */;
			proxyType = 1;
			remoteGlobalIDString = D58A11051EC879EA00B708F9;
			remoteInfo = SocialBannersApp;
		};
		D58A11231EC879EB00B708F9 /* PBXContainerItemProxy */ = {
			isa = PBXContainerItemProxy;
			containerPortal = D58A10FE1EC879EA00B708F9 /* Project object */;
			proxyType = 1;
			remoteGlobalIDString = D58A11051EC879EA00B708F9;
			remoteInfo = SocialBannersApp;
		};
/* End PBXContainerItemProxy section */

/* Begin PBXFileReference section */
		D500651E1EED4AFB00FDEB35 /* IconLabel.swift */ = {isa = PBXFileReference; fileEncoding = 4; lastKnownFileType = sourcecode.swift; path = IconLabel.swift; sourceTree = "<group>"; };
		D50065211EEFEE3500FDEB35 /* IconsCollectionModel.swift */ = {isa = PBXFileReference; fileEncoding = 4; lastKnownFileType = sourcecode.swift; path = IconsCollectionModel.swift; sourceTree = "<group>"; };
		D50065251EEFF92200FDEB35 /* ImageBannerCollectionItem.swift */ = {isa = PBXFileReference; fileEncoding = 4; lastKnownFileType = sourcecode.swift; path = ImageBannerCollectionItem.swift; sourceTree = "<group>"; };
		D50065261EEFF92200FDEB35 /* ImageBannerCollectionItem.xib */ = {isa = PBXFileReference; fileEncoding = 4; lastKnownFileType = file.xib; path = ImageBannerCollectionItem.xib; sourceTree = "<group>"; };
		D500652A1EEFFF2800FDEB35 /* ImagesBannerScrollView.swift */ = {isa = PBXFileReference; fileEncoding = 4; lastKnownFileType = sourcecode.swift; path = ImagesBannerScrollView.swift; sourceTree = "<group>"; };
		D500652C1EF12E9A00FDEB35 /* TypeTitleForNewBannerView.swift */ = {isa = PBXFileReference; fileEncoding = 4; lastKnownFileType = sourcecode.swift; path = TypeTitleForNewBannerView.swift; sourceTree = "<group>"; };
		D50065351EF5B49200FDEB35 /* ChangeButton.swift */ = {isa = PBXFileReference; fileEncoding = 4; lastKnownFileType = sourcecode.swift; path = ChangeButton.swift; sourceTree = "<group>"; };
		D50065371EF5C0A200FDEB35 /* SaveButton.swift */ = {isa = PBXFileReference; fileEncoding = 4; lastKnownFileType = sourcecode.swift; path = SaveButton.swift; sourceTree = "<group>"; };
		D50065391EF5D01B00FDEB35 /* BannersIconsBezierPaths.swift */ = {isa = PBXFileReference; fileEncoding = 4; lastKnownFileType = sourcecode.swift; path = BannersIconsBezierPaths.swift; sourceTree = "<group>"; };
		D500653D1EF5D46000FDEB35 /* BackgroundImageView.swift */ = {isa = PBXFileReference; fileEncoding = 4; lastKnownFileType = sourcecode.swift; path = BackgroundImageView.swift; sourceTree = "<group>"; };
		D50065411EF684C400FDEB35 /* ColorModel.swift */ = {isa = PBXFileReference; fileEncoding = 4; lastKnownFileType = sourcecode.swift; path = ColorModel.swift; sourceTree = "<group>"; };
		D50065431EF6852F00FDEB35 /* AppContents.swift */ = {isa = PBXFileReference; fileEncoding = 4; lastKnownFileType = sourcecode.swift; path = AppContents.swift; sourceTree = "<group>"; };
		D50065451EF6D71800FDEB35 /* SelectBackgroundColorController.swift */ = {isa = PBXFileReference; fileEncoding = 4; lastKnownFileType = sourcecode.swift; path = SelectBackgroundColorController.swift; sourceTree = "<group>"; };
		D50065471EF6DA5600FDEB35 /* BannerModel.swift */ = {isa = PBXFileReference; fileEncoding = 4; lastKnownFileType = sourcecode.swift; path = BannerModel.swift; sourceTree = "<group>"; };
		D500654D1EF6EEEA00FDEB35 /* BgColorBannerCollectionItem.swift */ = {isa = PBXFileReference; fileEncoding = 4; lastKnownFileType = sourcecode.swift; path = BgColorBannerCollectionItem.swift; sourceTree = "<group>"; };
		D500654E1EF6EEEA00FDEB35 /* BgColorBannerCollectionItem.xib */ = {isa = PBXFileReference; fileEncoding = 4; lastKnownFileType = file.xib; path = BgColorBannerCollectionItem.xib; sourceTree = "<group>"; };
		D50065521EF8560D00FDEB35 /* BGColorView.swift */ = {isa = PBXFileReference; fileEncoding = 4; lastKnownFileType = sourcecode.swift; path = BGColorView.swift; sourceTree = "<group>"; };
		D50065541EF8751000FDEB35 /* ContentColorView.swift */ = {isa = PBXFileReference; fileEncoding = 4; lastKnownFileType = sourcecode.swift; path = ContentColorView.swift; sourceTree = "<group>"; };
		D50F39EE1EFD18F0002521D9 /* BannersDefaults.swift */ = {isa = PBXFileReference; fileEncoding = 4; lastKnownFileType = sourcecode.swift; path = BannersDefaults.swift; sourceTree = "<group>"; };
		D50F39F11EFD1F2A002521D9 /* PreviewBannerCollectionItem.swift */ = {isa = PBXFileReference; fileEncoding = 4; lastKnownFileType = sourcecode.swift; path = PreviewBannerCollectionItem.swift; sourceTree = "<group>"; };
		D50F39F21EFD1F2A002521D9 /* PreviewBannerCollectionItem.xib */ = {isa = PBXFileReference; fileEncoding = 4; lastKnownFileType = file.xib; path = PreviewBannerCollectionItem.xib; sourceTree = "<group>"; };
		D56E460F1EDAC4AB0062349F /* TitleView.swift */ = {isa = PBXFileReference; fileEncoding = 4; lastKnownFileType = sourcecode.swift; path = TitleView.swift; sourceTree = "<group>"; };
		D56E46111EDB19210062349F /* AddBannerButton.swift */ = {isa = PBXFileReference; fileEncoding = 4; lastKnownFileType = sourcecode.swift; path = AddBannerButton.swift; sourceTree = "<group>"; };
		D56E46131EDC4E4C0062349F /* CreateNewBannerViewController.swift */ = {isa = PBXFileReference; fileEncoding = 4; lastKnownFileType = sourcecode.swift; path = CreateNewBannerViewController.swift; sourceTree = "<group>"; };
		D58A11061EC879EA00B708F9 /* SocialBannersApp.app */ = {isa = PBXFileReference; explicitFileType = wrapper.application; includeInIndex = 0; path = SocialBannersApp.app; sourceTree = BUILT_PRODUCTS_DIR; };
		D58A11091EC879EA00B708F9 /* AppDelegate.swift */ = {isa = PBXFileReference; lastKnownFileType = sourcecode.swift; path = AppDelegate.swift; sourceTree = "<group>"; };
		D58A110B1EC879EA00B708F9 /* ViewController.swift */ = {isa = PBXFileReference; lastKnownFileType = sourcecode.swift; path = ViewController.swift; sourceTree = "<group>"; };
		D58A110D1EC879EB00B708F9 /* Assets.xcassets */ = {isa = PBXFileReference; lastKnownFileType = folder.assetcatalog; path = Assets.xcassets; sourceTree = "<group>"; };
		D58A11101EC879EB00B708F9 /* Base */ = {isa = PBXFileReference; lastKnownFileType = file.storyboard; name = Base; path = Base.lproj/Main.storyboard; sourceTree = "<group>"; };
		D58A11121EC879EB00B708F9 /* Info.plist */ = {isa = PBXFileReference; lastKnownFileType = text.plist.xml; path = Info.plist; sourceTree = "<group>"; };
		D58A11171EC879EB00B708F9 /* SocialBannersAppTests.xctest */ = {isa = PBXFileReference; explicitFileType = wrapper.cfbundle; includeInIndex = 0; path = SocialBannersAppTests.xctest; sourceTree = BUILT_PRODUCTS_DIR; };
		D58A111B1EC879EB00B708F9 /* SocialBannersAppTests.swift */ = {isa = PBXFileReference; lastKnownFileType = sourcecode.swift; path = SocialBannersAppTests.swift; sourceTree = "<group>"; };
		D58A111D1EC879EB00B708F9 /* Info.plist */ = {isa = PBXFileReference; lastKnownFileType = text.plist.xml; path = Info.plist; sourceTree = "<group>"; };
		D58A11221EC879EB00B708F9 /* SocialBannersAppUITests.xctest */ = {isa = PBXFileReference; explicitFileType = wrapper.cfbundle; includeInIndex = 0; path = SocialBannersAppUITests.xctest; sourceTree = BUILT_PRODUCTS_DIR; };
		D58A11261EC879EB00B708F9 /* SocialBannersAppUITests.swift */ = {isa = PBXFileReference; lastKnownFileType = sourcecode.swift; path = SocialBannersAppUITests.swift; sourceTree = "<group>"; };
		D58A11281EC879EB00B708F9 /* Info.plist */ = {isa = PBXFileReference; lastKnownFileType = text.plist.xml; path = Info.plist; sourceTree = "<group>"; };
		D5BA653D1EE15E7400AD40A6 /* CrtBnnrBgScrollView.swift */ = {isa = PBXFileReference; fileEncoding = 4; lastKnownFileType = sourcecode.swift; path = CrtBnnrBgScrollView.swift; sourceTree = "<group>"; };
		D5BA65441EE1852200AD40A6 /* BackToBannersButton.swift */ = {isa = PBXFileReference; fileEncoding = 4; lastKnownFileType = sourcecode.swift; path = BackToBannersButton.swift; sourceTree = "<group>"; };
		D5BA65461EE1887200AD40A6 /* BaseElementsBezierPaths.swift */ = {isa = PBXFileReference; fileEncoding = 4; lastKnownFileType = sourcecode.swift; path = BaseElementsBezierPaths.swift; sourceTree = "<group>"; };
		D5BA65481EE18A2D00AD40A6 /* CrtBnnrMainView.swift */ = {isa = PBXFileReference; fileEncoding = 4; lastKnownFileType = sourcecode.swift; path = CrtBnnrMainView.swift; sourceTree = "<group>"; };
		D5BA654A1EE196B500AD40A6 /* WhiteSquadPartView.swift */ = {isa = PBXFileReference; fileEncoding = 4; lastKnownFileType = sourcecode.swift; path = WhiteSquadPartView.swift; sourceTree = "<group>"; };
		D5BA654C1EE1A2BA00AD40A6 /* WhiteRoundedView.swift */ = {isa = PBXFileReference; fileEncoding = 4; lastKnownFileType = sourcecode.swift; path = WhiteRoundedView.swift; sourceTree = "<group>"; };
		D5BA654E1EE1A30E00AD40A6 /* RoundedPartView.swift */ = {isa = PBXFileReference; fileEncoding = 4; lastKnownFileType = sourcecode.swift; path = RoundedPartView.swift; sourceTree = "<group>"; };
		D5BA65531EE1A62A00AD40A6 /* GradientView.swift */ = {isa = PBXFileReference; fileEncoding = 4; lastKnownFileType = sourcecode.swift; path = GradientView.swift; sourceTree = "<group>"; };
		D5BA65551EE2CB1200AD40A6 /* SubstrateHeaderView.swift */ = {isa = PBXFileReference; fileEncoding = 4; lastKnownFileType = sourcecode.swift; path = SubstrateHeaderView.swift; sourceTree = "<group>"; };
		D5BA65571EE3196600AD40A6 /* NewBannerView.swift */ = {isa = PBXFileReference; fileEncoding = 4; lastKnownFileType = sourcecode.swift; path = NewBannerView.swift; sourceTree = "<group>"; };
		D5DB16DE1EF915A900B4E390 /* SelectContentColorController.swift */ = {isa = PBXFileReference; fileEncoding = 4; lastKnownFileType = sourcecode.swift; path = SelectContentColorController.swift; sourceTree = "<group>"; };
		D5DB16E01EF917EE00B4E390 /* ContentColorBannerCollectionItem.swift */ = {isa = PBXFileReference; fileEncoding = 4; lastKnownFileType = sourcecode.swift; path = ContentColorBannerCollectionItem.swift; sourceTree = "<group>"; };
		D5DB16E11EF917EE00B4E390 /* ContentColorBannerCollectionItem.xib */ = {isa = PBXFileReference; fileEncoding = 4; lastKnownFileType = file.xib; path = ContentColorBannerCollectionItem.xib; sourceTree = "<group>"; };
		D5DB16E51EF97BAE00B4E390 /* SelectFontNameController.swift */ = {isa = PBXFileReference; fileEncoding = 4; lastKnownFileType = sourcecode.swift; path = SelectFontNameController.swift; sourceTree = "<group>"; };
		D5DB16E71EF97CA400B4E390 /* FontModel.swift */ = {isa = PBXFileReference; fileEncoding = 4; lastKnownFileType = sourcecode.swift; path = FontModel.swift; sourceTree = "<group>"; };
		D5DB16E91EF983AE00B4E390 /* FontNameCollectionItem.swift */ = {isa = PBXFileReference; fileEncoding = 4; lastKnownFileType = sourcecode.swift; path = FontNameCollectionItem.swift; sourceTree = "<group>"; };
		D5DB16EA1EF983AE00B4E390 /* FontNameCollectionItem.xib */ = {isa = PBXFileReference; fileEncoding = 4; lastKnownFileType = file.xib; path = FontNameCollectionItem.xib; sourceTree = "<group>"; };
		D5DB172A1EFAE0FF00B4E390 /* Extensions.swift */ = {isa = PBXFileReference; fileEncoding = 4; lastKnownFileType = sourcecode.swift; path = Extensions.swift; sourceTree = "<group>"; };
		D5DB172C1EFAE32000B4E390 /* TitleTextField.swift */ = {isa = PBXFileReference; fileEncoding = 4; lastKnownFileType = sourcecode.swift; path = TitleTextField.swift; sourceTree = "<group>"; };
		D5DB172E1EFAE33100B4E390 /* SubtitleTextField.swift */ = {isa = PBXFileReference; fileEncoding = 4; lastKnownFileType = sourcecode.swift; path = SubtitleTextField.swift; sourceTree = "<group>"; };
/* End PBXFileReference section */

/* Begin PBXFrameworksBuildPhase section */
		D58A11031EC879EA00B708F9 /* Frameworks */ = {
			isa = PBXFrameworksBuildPhase;
			buildActionMask = 2147483647;
			files = (
			);
			runOnlyForDeploymentPostprocessing = 0;
		};
		D58A11141EC879EB00B708F9 /* Frameworks */ = {
			isa = PBXFrameworksBuildPhase;
			buildActionMask = 2147483647;
			files = (
			);
			runOnlyForDeploymentPostprocessing = 0;
		};
		D58A111F1EC879EB00B708F9 /* Frameworks */ = {
			isa = PBXFrameworksBuildPhase;
			buildActionMask = 2147483647;
			files = (
			);
			runOnlyForDeploymentPostprocessing = 0;
		};
/* End PBXFrameworksBuildPhase section */

/* Begin PBXGroup section */
		D50065201EEFED9B00FDEB35 /* Model */ = {
			isa = PBXGroup;
			children = (
				D50065211EEFEE3500FDEB35 /* IconsCollectionModel.swift */,
				D50065411EF684C400FDEB35 /* ColorModel.swift */,
				D5DB16E71EF97CA400B4E390 /* FontModel.swift */,
				D50065471EF6DA5600FDEB35 /* BannerModel.swift */,
			);
			name = Model;
			sourceTree = "<group>";
		};
		D50065291EEFFE5E00FDEB35 /* Scroll directions */ = {
			isa = PBXGroup;
			children = (
				D5BA653D1EE15E7400AD40A6 /* CrtBnnrBgScrollView.swift */,
				D500652A1EEFFF2800FDEB35 /* ImagesBannerScrollView.swift */,
			);
			name = "Scroll directions";
			sourceTree = "<group>";
		};
		D50065491EF6EC1B00FDEB35 /* Views */ = {
			isa = PBXGroup;
			children = (
				D5BA65571EE3196600AD40A6 /* NewBannerView.swift */,
				D5BA65531EE1A62A00AD40A6 /* GradientView.swift */,
				D5BA65481EE18A2D00AD40A6 /* CrtBnnrMainView.swift */,
				D500652C1EF12E9A00FDEB35 /* TypeTitleForNewBannerView.swift */,
				D500653D1EF5D46000FDEB35 /* BackgroundImageView.swift */,
				D50065541EF8751000FDEB35 /* ContentColorView.swift */,
				D5BA65501EE1A3B500AD40A6 /* White Rounded Squad */,
			);
			name = Views;
			sourceTree = "<group>";
		};
		D500654A1EF6EC2F00FDEB35 /* Buttons */ = {
			isa = PBXGroup;
			children = (
				D5BA65441EE1852200AD40A6 /* BackToBannersButton.swift */,
				D50065351EF5B49200FDEB35 /* ChangeButton.swift */,
				D50065371EF5C0A200FDEB35 /* SaveButton.swift */,
			);
			name = Buttons;
			sourceTree = "<group>";
		};
		D500654B1EF6ED0000FDEB35 /* Labels */ = {
			isa = PBXGroup;
			children = (
				D500651E1EED4AFB00FDEB35 /* IconLabel.swift */,
				D5DB172C1EFAE32000B4E390 /* TitleTextField.swift */,
				D5DB172E1EFAE33100B4E390 /* SubtitleTextField.swift */,
			);
			name = Labels;
			sourceTree = "<group>";
		};
		D500654C1EF6ED5F00FDEB35 /* Controllers */ = {
			isa = PBXGroup;
			children = (
				D58A110B1EC879EA00B708F9 /* ViewController.swift */,
				D56E46131EDC4E4C0062349F /* CreateNewBannerViewController.swift */,
				D50065451EF6D71800FDEB35 /* SelectBackgroundColorController.swift */,
				D5DB16DE1EF915A900B4E390 /* SelectContentColorController.swift */,
				D5DB16E51EF97BAE00B4E390 /* SelectFontNameController.swift */,
			);
			name = Controllers;
			sourceTree = "<group>";
		};
		D50065511EF855CE00FDEB35 /* ChangeBGColor */ = {
			isa = PBXGroup;
			children = (
				D50065521EF8560D00FDEB35 /* BGColorView.swift */,
			);
			name = ChangeBGColor;
			sourceTree = "<group>";
		};
		D50F39F01EFD18F9002521D9 /* UserDefaults */ = {
			isa = PBXGroup;
			children = (
				D50F39EE1EFD18F0002521D9 /* BannersDefaults.swift */,
			);
			name = UserDefaults;
			sourceTree = "<group>";
		};
		D58A10FD1EC879EA00B708F9 = {
			isa = PBXGroup;
			children = (
				D58A11081EC879EA00B708F9 /* SocialBannersApp */,
				D58A111A1EC879EB00B708F9 /* SocialBannersAppTests */,
				D58A11251EC879EB00B708F9 /* SocialBannersAppUITests */,
				D58A11071EC879EA00B708F9 /* Products */,
			);
			sourceTree = "<group>";
		};
		D58A11071EC879EA00B708F9 /* Products */ = {
			isa = PBXGroup;
			children = (
				D58A11061EC879EA00B708F9 /* SocialBannersApp.app */,
				D58A11171EC879EB00B708F9 /* SocialBannersAppTests.xctest */,
				D58A11221EC879EB00B708F9 /* SocialBannersAppUITests.xctest */,
			);
			name = Products;
			sourceTree = "<group>";
		};
		D58A11081EC879EA00B708F9 /* SocialBannersApp */ = {
			isa = PBXGroup;
			children = (
				D58A11091EC879EA00B708F9 /* AppDelegate.swift */,
				D500654C1EF6ED5F00FDEB35 /* Controllers */,
				D5BA653F1EE1685500AD40A6 /* Custom Controls and Views */,
				D5DB16E41EF97B5400B4E390 /* xib's */,
				D50065201EEFED9B00FDEB35 /* Model */,
				D50F39F01EFD18F9002521D9 /* UserDefaults */,
				D5DB172A1EFAE0FF00B4E390 /* Extensions.swift */,
				D58A110D1EC879EB00B708F9 /* Assets.xcassets */,
				D58A110F1EC879EB00B708F9 /* Main.storyboard */,
				D58A11121EC879EB00B708F9 /* Info.plist */,
			);
			path = SocialBannersApp;
			sourceTree = "<group>";
		};
		D58A111A1EC879EB00B708F9 /* SocialBannersAppTests */ = {
			isa = PBXGroup;
			children = (
				D58A111B1EC879EB00B708F9 /* SocialBannersAppTests.swift */,
				D58A111D1EC879EB00B708F9 /* Info.plist */,
			);
			path = SocialBannersAppTests;
			sourceTree = "<group>";
		};
		D58A11251EC879EB00B708F9 /* SocialBannersAppUITests */ = {
			isa = PBXGroup;
			children = (
				D58A11261EC879EB00B708F9 /* SocialBannersAppUITests.swift */,
				D58A11281EC879EB00B708F9 /* Info.plist */,
			);
			path = SocialBannersAppUITests;
			sourceTree = "<group>";
		};
		D5BA653F1EE1685500AD40A6 /* Custom Controls and Views */ = {
			isa = PBXGroup;
			children = (
				D5BA65511EE1A5C500AD40A6 /* MyBanners */,
				D5BA65521EE1A5D800AD40A6 /* Create New Banner */,
				D50065511EF855CE00FDEB35 /* ChangeBGColor */,
				D5BA65461EE1887200AD40A6 /* BaseElementsBezierPaths.swift */,
				D50065391EF5D01B00FDEB35 /* BannersIconsBezierPaths.swift */,
				D50065431EF6852F00FDEB35 /* AppContents.swift */,
			);
			name = "Custom Controls and Views";
			sourceTree = "<group>";
		};
		D5BA65501EE1A3B500AD40A6 /* White Rounded Squad */ = {
			isa = PBXGroup;
			children = (
				D5BA65551EE2CB1200AD40A6 /* SubstrateHeaderView.swift */,
				D5BA654E1EE1A30E00AD40A6 /* RoundedPartView.swift */,
				D5BA654A1EE196B500AD40A6 /* WhiteSquadPartView.swift */,
				D5BA654C1EE1A2BA00AD40A6 /* WhiteRoundedView.swift */,
			);
			name = "White Rounded Squad";
			sourceTree = "<group>";
		};
		D5BA65511EE1A5C500AD40A6 /* MyBanners */ = {
			isa = PBXGroup;
			children = (
				D56E460F1EDAC4AB0062349F /* TitleView.swift */,
				D56E46111EDB19210062349F /* AddBannerButton.swift */,
			);
			name = MyBanners;
			sourceTree = "<group>";
		};
		D5BA65521EE1A5D800AD40A6 /* Create New Banner */ = {
			isa = PBXGroup;
			children = (
				D50065491EF6EC1B00FDEB35 /* Views */,
				D500654A1EF6EC2F00FDEB35 /* Buttons */,
				D500654B1EF6ED0000FDEB35 /* Labels */,
				D50065291EEFFE5E00FDEB35 /* Scroll directions */,
			);
			name = "Create New Banner";
			sourceTree = "<group>";
		};
		D5DB16E41EF97B5400B4E390 /* xib's */ = {
			isa = PBXGroup;
			children = (
				D50F39F11EFD1F2A002521D9 /* PreviewBannerCollectionItem.swift */,
				D50F39F21EFD1F2A002521D9 /* PreviewBannerCollectionItem.xib */,
				D5DB16E91EF983AE00B4E390 /* FontNameCollectionItem.swift */,
				D5DB16EA1EF983AE00B4E390 /* FontNameCollectionItem.xib */,
				D5DB16E01EF917EE00B4E390 /* ContentColorBannerCollectionItem.swift */,
				D5DB16E11EF917EE00B4E390 /* ContentColorBannerCollectionItem.xib */,
				D500654D1EF6EEEA00FDEB35 /* BgColorBannerCollectionItem.swift */,
				D500654E1EF6EEEA00FDEB35 /* BgColorBannerCollectionItem.xib */,
				D50065251EEFF92200FDEB35 /* ImageBannerCollectionItem.swift */,
				D50065261EEFF92200FDEB35 /* ImageBannerCollectionItem.xib */,
			);
			name = "xib's";
			sourceTree = "<group>";
		};
/* End PBXGroup section */

/* Begin PBXNativeTarget section */
		D58A11051EC879EA00B708F9 /* SocialBannersApp */ = {
			isa = PBXNativeTarget;
			buildConfigurationList = D58A112B1EC879EB00B708F9 /* Build configuration list for PBXNativeTarget "SocialBannersApp" */;
			buildPhases = (
				D58A11021EC879EA00B708F9 /* Sources */,
				D58A11031EC879EA00B708F9 /* Frameworks */,
				D58A11041EC879EA00B708F9 /* Resources */,
			);
			buildRules = (
			);
			dependencies = (
			);
			name = SocialBannersApp;
			productName = SocialBannersApp;
			productReference = D58A11061EC879EA00B708F9 /* SocialBannersApp.app */;
			productType = "com.apple.product-type.application";
		};
		D58A11161EC879EB00B708F9 /* SocialBannersAppTests */ = {
			isa = PBXNativeTarget;
			buildConfigurationList = D58A112E1EC879EB00B708F9 /* Build configuration list for PBXNativeTarget "SocialBannersAppTests" */;
			buildPhases = (
				D58A11131EC879EB00B708F9 /* Sources */,
				D58A11141EC879EB00B708F9 /* Frameworks */,
				D58A11151EC879EB00B708F9 /* Resources */,
			);
			buildRules = (
			);
			dependencies = (
				D58A11191EC879EB00B708F9 /* PBXTargetDependency */,
			);
			name = SocialBannersAppTests;
			productName = SocialBannersAppTests;
			productReference = D58A11171EC879EB00B708F9 /* SocialBannersAppTests.xctest */;
			productType = "com.apple.product-type.bundle.unit-test";
		};
		D58A11211EC879EB00B708F9 /* SocialBannersAppUITests */ = {
			isa = PBXNativeTarget;
			buildConfigurationList = D58A11311EC879EB00B708F9 /* Build configuration list for PBXNativeTarget "SocialBannersAppUITests" */;
			buildPhases = (
				D58A111E1EC879EB00B708F9 /* Sources */,
				D58A111F1EC879EB00B708F9 /* Frameworks */,
				D58A11201EC879EB00B708F9 /* Resources */,
			);
			buildRules = (
			);
			dependencies = (
				D58A11241EC879EB00B708F9 /* PBXTargetDependency */,
			);
			name = SocialBannersAppUITests;
			productName = SocialBannersAppUITests;
			productReference = D58A11221EC879EB00B708F9 /* SocialBannersAppUITests.xctest */;
			productType = "com.apple.product-type.bundle.ui-testing";
		};
/* End PBXNativeTarget section */

/* Begin PBXProject section */
		D58A10FE1EC879EA00B708F9 /* Project object */ = {
			isa = PBXProject;
			attributes = {
				LastSwiftUpdateCheck = 0830;
				LastUpgradeCheck = 0830;
				ORGANIZATIONNAME = "Ruslan Timchenko";
				TargetAttributes = {
					D58A11051EC879EA00B708F9 = {
						CreatedOnToolsVersion = 8.3.2;
						ProvisioningStyle = Automatic;
					};
					D58A11161EC879EB00B708F9 = {
						CreatedOnToolsVersion = 8.3.2;
						ProvisioningStyle = Automatic;
						TestTargetID = D58A11051EC879EA00B708F9;
					};
					D58A11211EC879EB00B708F9 = {
						CreatedOnToolsVersion = 8.3.2;
						ProvisioningStyle = Automatic;
						TestTargetID = D58A11051EC879EA00B708F9;
					};
				};
			};
			buildConfigurationList = D58A11011EC879EA00B708F9 /* Build configuration list for PBXProject "SocialBannersApp" */;
			compatibilityVersion = "Xcode 3.2";
			developmentRegion = English;
			hasScannedForEncodings = 0;
			knownRegions = (
				en,
				Base,
			);
			mainGroup = D58A10FD1EC879EA00B708F9;
			productRefGroup = D58A11071EC879EA00B708F9 /* Products */;
			projectDirPath = "";
			projectRoot = "";
			targets = (
				D58A11051EC879EA00B708F9 /* SocialBannersApp */,
				D58A11161EC879EB00B708F9 /* SocialBannersAppTests */,
				D58A11211EC879EB00B708F9 /* SocialBannersAppUITests */,
			);
		};
/* End PBXProject section */

/* Begin PBXResourcesBuildPhase section */
		D58A11041EC879EA00B708F9 /* Resources */ = {
			isa = PBXResourcesBuildPhase;
			buildActionMask = 2147483647;
			files = (
				D5DB16EC1EF983AE00B4E390 /* FontNameCollectionItem.xib in Resources */,
				D58A110E1EC879EB00B708F9 /* Assets.xcassets in Resources */,
				D50065501EF6EEEA00FDEB35 /* BgColorBannerCollectionItem.xib in Resources */,
				D50F39F41EFD1F2A002521D9 /* PreviewBannerCollectionItem.xib in Resources */,
				D50065281EEFF92200FDEB35 /* ImageBannerCollectionItem.xib in Resources */,
				D5DB16E31EF917EE00B4E390 /* ContentColorBannerCollectionItem.xib in Resources */,
				D58A11111EC879EB00B708F9 /* Main.storyboard in Resources */,
			);
			runOnlyForDeploymentPostprocessing = 0;
		};
		D58A11151EC879EB00B708F9 /* Resources */ = {
			isa = PBXResourcesBuildPhase;
			buildActionMask = 2147483647;
			files = (
			);
			runOnlyForDeploymentPostprocessing = 0;
		};
		D58A11201EC879EB00B708F9 /* Resources */ = {
			isa = PBXResourcesBuildPhase;
			buildActionMask = 2147483647;
			files = (
			);
			runOnlyForDeploymentPostprocessing = 0;
		};
/* End PBXResourcesBuildPhase section */

/* Begin PBXSourcesBuildPhase section */
		D58A11021EC879EA00B708F9 /* Sources */ = {
			isa = PBXSourcesBuildPhase;
			buildActionMask = 2147483647;
			files = (
				D500652D1EF12E9A00FDEB35 /* TypeTitleForNewBannerView.swift in Sources */,
				D50F39EF1EFD18F0002521D9 /* BannersDefaults.swift in Sources */,
				D500654F1EF6EEEA00FDEB35 /* BgColorBannerCollectionItem.swift in Sources */,
				D5BA654B1EE196B500AD40A6 /* WhiteSquadPartView.swift in Sources */,
				D5BA654D1EE1A2BA00AD40A6 /* WhiteRoundedView.swift in Sources */,
				D56E46141EDC4E4C0062349F /* CreateNewBannerViewController.swift in Sources */,
				D500651F1EED4AFB00FDEB35 /* IconLabel.swift in Sources */,
				D5BA654F1EE1A30E00AD40A6 /* RoundedPartView.swift in Sources */,
				D5DB16DF1EF915A900B4E390 /* SelectContentColorController.swift in Sources */,
				D5BA65471EE1887200AD40A6 /* BaseElementsBezierPaths.swift in Sources */,
				D50065531EF8560D00FDEB35 /* BGColorView.swift in Sources */,
				D50065551EF8751000FDEB35 /* ContentColorView.swift in Sources */,
				D58A110C1EC879EA00B708F9 /* ViewController.swift in Sources */,
				D5BA653E1EE15E7400AD40A6 /* CrtBnnrBgScrollView.swift in Sources */,
				D50065481EF6DA5600FDEB35 /* BannerModel.swift in Sources */,
				D5DB172B1EFAE0FF00B4E390 /* Extensions.swift in Sources */,
				D500652B1EEFFF2800FDEB35 /* ImagesBannerScrollView.swift in Sources */,
				D5BA65561EE2CB1200AD40A6 /* SubstrateHeaderView.swift in Sources */,
				D50065421EF684C400FDEB35 /* ColorModel.swift in Sources */,
				D500653E1EF5D46000FDEB35 /* BackgroundImageView.swift in Sources */,
				D58A110A1EC879EA00B708F9 /* AppDelegate.swift in Sources */,
				D50065271EEFF92200FDEB35 /* ImageBannerCollectionItem.swift in Sources */,
				D5DB16E81EF97CA400B4E390 /* FontModel.swift in Sources */,
				D50065461EF6D71800FDEB35 /* SelectBackgroundColorController.swift in Sources */,
				D50F39F31EFD1F2A002521D9 /* PreviewBannerCollectionItem.swift in Sources */,
				D50065381EF5C0A200FDEB35 /* SaveButton.swift in Sources */,
				D5DB172F1EFAE33100B4E390 /* SubtitleTextField.swift in Sources */,
				D5BA65451EE1852200AD40A6 /* BackToBannersButton.swift in Sources */,
				D5DB16E61EF97BAE00B4E390 /* SelectFontNameController.swift in Sources */,
				D500653A1EF5D01B00FDEB35 /* BannersIconsBezierPaths.swift in Sources */,
				D5DB16EB1EF983AE00B4E390 /* FontNameCollectionItem.swift in Sources */,
				D5DB16E21EF917EE00B4E390 /* ContentColorBannerCollectionItem.swift in Sources */,
				D5BA65581EE3196600AD40A6 /* NewBannerView.swift in Sources */,
				D50065221EEFEE3500FDEB35 /* IconsCollectionModel.swift in Sources */,
				D50065361EF5B49200FDEB35 /* ChangeButton.swift in Sources */,
				D5DB172D1EFAE32000B4E390 /* TitleTextField.swift in Sources */,
				D56E46101EDAC4AB0062349F /* TitleView.swift in Sources */,
				D5BA65541EE1A62A00AD40A6 /* GradientView.swift in Sources */,
				D56E46121EDB19210062349F /* AddBannerButton.swift in Sources */,
				D5BA65491EE18A2D00AD40A6 /* CrtBnnrMainView.swift in Sources */,
				D50065441EF6852F00FDEB35 /* AppContents.swift in Sources */,
			);
			runOnlyForDeploymentPostprocessing = 0;
		};
		D58A11131EC879EB00B708F9 /* Sources */ = {
			isa = PBXSourcesBuildPhase;
			buildActionMask = 2147483647;
			files = (
				D58A111C1EC879EB00B708F9 /* SocialBannersAppTests.swift in Sources */,
			);
			runOnlyForDeploymentPostprocessing = 0;
		};
		D58A111E1EC879EB00B708F9 /* Sources */ = {
			isa = PBXSourcesBuildPhase;
			buildActionMask = 2147483647;
			files = (
				D58A11271EC879EB00B708F9 /* SocialBannersAppUITests.swift in Sources */,
			);
			runOnlyForDeploymentPostprocessing = 0;
		};
/* End PBXSourcesBuildPhase section */

/* Begin PBXTargetDependency section */
		D58A11191EC879EB00B708F9 /* PBXTargetDependency */ = {
			isa = PBXTargetDependency;
			target = D58A11051EC879EA00B708F9 /* SocialBannersApp */;
			targetProxy = D58A11181EC879EB00B708F9 /* PBXContainerItemProxy */;
		};
		D58A11241EC879EB00B708F9 /* PBXTargetDependency */ = {
			isa = PBXTargetDependency;
			target = D58A11051EC879EA00B708F9 /* SocialBannersApp */;
			targetProxy = D58A11231EC879EB00B708F9 /* PBXContainerItemProxy */;
		};
/* End PBXTargetDependency section */

/* Begin PBXVariantGroup section */
		D58A110F1EC879EB00B708F9 /* Main.storyboard */ = {
			isa = PBXVariantGroup;
			children = (
				D58A11101EC879EB00B708F9 /* Base */,
			);
			name = Main.storyboard;
			sourceTree = "<group>";
		};
/* End PBXVariantGroup section */

/* Begin XCBuildConfiguration section */
		D58A11291EC879EB00B708F9 /* Debug */ = {
			isa = XCBuildConfiguration;
			buildSettings = {
				ALWAYS_SEARCH_USER_PATHS = NO;
				CLANG_ANALYZER_NONNULL = YES;
				CLANG_ANALYZER_NUMBER_OBJECT_CONVERSION = YES_AGGRESSIVE;
				CLANG_CXX_LANGUAGE_STANDARD = "gnu++0x";
				CLANG_CXX_LIBRARY = "libc++";
				CLANG_ENABLE_MODULES = YES;
				CLANG_ENABLE_OBJC_ARC = YES;
				CLANG_WARN_BOOL_CONVERSION = YES;
				CLANG_WARN_CONSTANT_CONVERSION = YES;
				CLANG_WARN_DIRECT_OBJC_ISA_USAGE = YES_ERROR;
				CLANG_WARN_DOCUMENTATION_COMMENTS = YES;
				CLANG_WARN_EMPTY_BODY = YES;
				CLANG_WARN_ENUM_CONVERSION = YES;
				CLANG_WARN_INFINITE_RECURSION = YES;
				CLANG_WARN_INT_CONVERSION = YES;
				CLANG_WARN_OBJC_ROOT_CLASS = YES_ERROR;
				CLANG_WARN_SUSPICIOUS_MOVE = YES;
				CLANG_WARN_UNREACHABLE_CODE = YES;
				CLANG_WARN__DUPLICATE_METHOD_MATCH = YES;
				CODE_SIGN_IDENTITY = "-";
				COPY_PHASE_STRIP = NO;
				DEBUG_INFORMATION_FORMAT = dwarf;
				ENABLE_STRICT_OBJC_MSGSEND = YES;
				ENABLE_TESTABILITY = YES;
				GCC_C_LANGUAGE_STANDARD = gnu99;
				GCC_DYNAMIC_NO_PIC = NO;
				GCC_NO_COMMON_BLOCKS = YES;
				GCC_OPTIMIZATION_LEVEL = 0;
				GCC_PREPROCESSOR_DEFINITIONS = (
					"DEBUG=1",
					"$(inherited)",
				);
				GCC_WARN_64_TO_32_BIT_CONVERSION = YES;
				GCC_WARN_ABOUT_RETURN_TYPE = YES_ERROR;
				GCC_WARN_UNDECLARED_SELECTOR = YES;
				GCC_WARN_UNINITIALIZED_AUTOS = YES_AGGRESSIVE;
				GCC_WARN_UNUSED_FUNCTION = YES;
				GCC_WARN_UNUSED_VARIABLE = YES;
				MACOSX_DEPLOYMENT_TARGET = 10.12;
				MTL_ENABLE_DEBUG_INFO = YES;
				ONLY_ACTIVE_ARCH = YES;
				SDKROOT = macosx;
				SWIFT_ACTIVE_COMPILATION_CONDITIONS = DEBUG;
				SWIFT_OPTIMIZATION_LEVEL = "-Onone";
			};
			name = Debug;
		};
		D58A112A1EC879EB00B708F9 /* Release */ = {
			isa = XCBuildConfiguration;
			buildSettings = {
				ALWAYS_SEARCH_USER_PATHS = NO;
				CLANG_ANALYZER_NONNULL = YES;
				CLANG_ANALYZER_NUMBER_OBJECT_CONVERSION = YES_AGGRESSIVE;
				CLANG_CXX_LANGUAGE_STANDARD = "gnu++0x";
				CLANG_CXX_LIBRARY = "libc++";
				CLANG_ENABLE_MODULES = YES;
				CLANG_ENABLE_OBJC_ARC = YES;
				CLANG_WARN_BOOL_CONVERSION = YES;
				CLANG_WARN_CONSTANT_CONVERSION = YES;
				CLANG_WARN_DIRECT_OBJC_ISA_USAGE = YES_ERROR;
				CLANG_WARN_DOCUMENTATION_COMMENTS = YES;
				CLANG_WARN_EMPTY_BODY = YES;
				CLANG_WARN_ENUM_CONVERSION = YES;
				CLANG_WARN_INFINITE_RECURSION = YES;
				CLANG_WARN_INT_CONVERSION = YES;
				CLANG_WARN_OBJC_ROOT_CLASS = YES_ERROR;
				CLANG_WARN_SUSPICIOUS_MOVE = YES;
				CLANG_WARN_UNREACHABLE_CODE = YES;
				CLANG_WARN__DUPLICATE_METHOD_MATCH = YES;
				CODE_SIGN_IDENTITY = "-";
				COPY_PHASE_STRIP = NO;
				DEBUG_INFORMATION_FORMAT = "dwarf-with-dsym";
				ENABLE_NS_ASSERTIONS = NO;
				ENABLE_STRICT_OBJC_MSGSEND = YES;
				GCC_C_LANGUAGE_STANDARD = gnu99;
				GCC_NO_COMMON_BLOCKS = YES;
				GCC_WARN_64_TO_32_BIT_CONVERSION = YES;
				GCC_WARN_ABOUT_RETURN_TYPE = YES_ERROR;
				GCC_WARN_UNDECLARED_SELECTOR = YES;
				GCC_WARN_UNINITIALIZED_AUTOS = YES_AGGRESSIVE;
				GCC_WARN_UNUSED_FUNCTION = YES;
				GCC_WARN_UNUSED_VARIABLE = YES;
				MACOSX_DEPLOYMENT_TARGET = 10.12;
				MTL_ENABLE_DEBUG_INFO = NO;
				SDKROOT = macosx;
				SWIFT_OPTIMIZATION_LEVEL = "-Owholemodule";
			};
			name = Release;
		};
		D58A112C1EC879EB00B708F9 /* Debug */ = {
			isa = XCBuildConfiguration;
			buildSettings = {
				ASSETCATALOG_COMPILER_APPICON_NAME = AppIcon;
				COMBINE_HIDPI_IMAGES = YES;
				INFOPLIST_FILE = SocialBannersApp/Info.plist;
				LD_RUNPATH_SEARCH_PATHS = "$(inherited) @executable_path/../Frameworks";
				PRODUCT_BUNDLE_IDENTIFIER = com.rstimchenko.SocialBannersApp;
				PRODUCT_NAME = "$(TARGET_NAME)";
				SWIFT_VERSION = 3.0;
			};
			name = Debug;
		};
		D58A112D1EC879EB00B708F9 /* Release */ = {
			isa = XCBuildConfiguration;
			buildSettings = {
				ASSETCATALOG_COMPILER_APPICON_NAME = AppIcon;
				COMBINE_HIDPI_IMAGES = YES;
				INFOPLIST_FILE = SocialBannersApp/Info.plist;
				LD_RUNPATH_SEARCH_PATHS = "$(inherited) @executable_path/../Frameworks";
				PRODUCT_BUNDLE_IDENTIFIER = com.rstimchenko.SocialBannersApp;
				PRODUCT_NAME = "$(TARGET_NAME)";
				SWIFT_VERSION = 3.0;
			};
			name = Release;
		};
		D58A112F1EC879EB00B708F9 /* Debug */ = {
			isa = XCBuildConfiguration;
			buildSettings = {
				ALWAYS_EMBED_SWIFT_STANDARD_LIBRARIES = YES;
				BUNDLE_LOADER = "$(TEST_HOST)";
				COMBINE_HIDPI_IMAGES = YES;
				INFOPLIST_FILE = SocialBannersAppTests/Info.plist;
				LD_RUNPATH_SEARCH_PATHS = "$(inherited) @executable_path/../Frameworks @loader_path/../Frameworks";
				PRODUCT_BUNDLE_IDENTIFIER = com.rstimchenko.SocialBannersAppTests;
				PRODUCT_NAME = "$(TARGET_NAME)";
				SWIFT_VERSION = 3.0;
				TEST_HOST = "$(BUILT_PRODUCTS_DIR)/SocialBannersApp.app/Contents/MacOS/SocialBannersApp";
			};
			name = Debug;
		};
		D58A11301EC879EB00B708F9 /* Release */ = {
			isa = XCBuildConfiguration;
			buildSettings = {
				ALWAYS_EMBED_SWIFT_STANDARD_LIBRARIES = YES;
				BUNDLE_LOADER = "$(TEST_HOST)";
				COMBINE_HIDPI_IMAGES = YES;
				INFOPLIST_FILE = SocialBannersAppTests/Info.plist;
				LD_RUNPATH_SEARCH_PATHS = "$(inherited) @executable_path/../Frameworks @loader_path/../Frameworks";
				PRODUCT_BUNDLE_IDENTIFIER = com.rstimchenko.SocialBannersAppTests;
				PRODUCT_NAME = "$(TARGET_NAME)";
				SWIFT_VERSION = 3.0;
				TEST_HOST = "$(BUILT_PRODUCTS_DIR)/SocialBannersApp.app/Contents/MacOS/SocialBannersApp";
			};
			name = Release;
		};
		D58A11321EC879EB00B708F9 /* Debug */ = {
			isa = XCBuildConfiguration;
			buildSettings = {
				ALWAYS_EMBED_SWIFT_STANDARD_LIBRARIES = YES;
				COMBINE_HIDPI_IMAGES = YES;
				INFOPLIST_FILE = SocialBannersAppUITests/Info.plist;
				LD_RUNPATH_SEARCH_PATHS = "$(inherited) @executable_path/../Frameworks @loader_path/../Frameworks";
				PRODUCT_BUNDLE_IDENTIFIER = com.rstimchenko.SocialBannersAppUITests;
				PRODUCT_NAME = "$(TARGET_NAME)";
				SWIFT_VERSION = 3.0;
				TEST_TARGET_NAME = SocialBannersApp;
			};
			name = Debug;
		};
		D58A11331EC879EB00B708F9 /* Release */ = {
			isa = XCBuildConfiguration;
			buildSettings = {
				ALWAYS_EMBED_SWIFT_STANDARD_LIBRARIES = YES;
				COMBINE_HIDPI_IMAGES = YES;
				INFOPLIST_FILE = SocialBannersAppUITests/Info.plist;
				LD_RUNPATH_SEARCH_PATHS = "$(inherited) @executable_path/../Frameworks @loader_path/../Frameworks";
				PRODUCT_BUNDLE_IDENTIFIER = com.rstimchenko.SocialBannersAppUITests;
				PRODUCT_NAME = "$(TARGET_NAME)";
				SWIFT_VERSION = 3.0;
				TEST_TARGET_NAME = SocialBannersApp;
			};
			name = Release;
		};
/* End XCBuildConfiguration section */

/* Begin XCConfigurationList section */
		D58A11011EC879EA00B708F9 /* Build configuration list for PBXProject "SocialBannersApp" */ = {
			isa = XCConfigurationList;
			buildConfigurations = (
				D58A11291EC879EB00B708F9 /* Debug */,
				D58A112A1EC879EB00B708F9 /* Release */,
			);
			defaultConfigurationIsVisible = 0;
			defaultConfigurationName = Release;
		};
		D58A112B1EC879EB00B708F9 /* Build configuration list for PBXNativeTarget "SocialBannersApp" */ = {
			isa = XCConfigurationList;
			buildConfigurations = (
				D58A112C1EC879EB00B708F9 /* Debug */,
				D58A112D1EC879EB00B708F9 /* Release */,
			);
			defaultConfigurationIsVisible = 0;
			defaultConfigurationName = Release;
		};
		D58A112E1EC879EB00B708F9 /* Build configuration list for PBXNativeTarget "SocialBannersAppTests" */ = {
			isa = XCConfigurationList;
			buildConfigurations = (
				D58A112F1EC879EB00B708F9 /* Debug */,
				D58A11301EC879EB00B708F9 /* Release */,
			);
			defaultConfigurationIsVisible = 0;
			defaultConfigurationName = Release;
		};
		D58A11311EC879EB00B708F9 /* Build configuration list for PBXNativeTarget "SocialBannersAppUITests" */ = {
			isa = XCConfigurationList;
			buildConfigurations = (
				D58A11321EC879EB00B708F9 /* Debug */,
				D58A11331EC879EB00B708F9 /* Release */,
			);
			defaultConfigurationIsVisible = 0;
			defaultConfigurationName = Release;
		};
/* End XCConfigurationList section */
	};
	rootObject = D58A10FE1EC879EA00B708F9 /* Project object */;
}
